
Microsoft Visual Studio Solution File, Format Version 12.00
# Visual Studio Version 17
VisualStudioVersion = 17.9.34728.123
MinimumVisualStudioVersion = 10.0.40219.1
Project("{FAE04EC0-301F-11D3-BF4B-00C04F79EFBC}") = "GoTrek", "GoTrek\GoTrek.csproj", "{9926F3EB-3BE5-4A5F-AE72-F6B59F4B6155}"
EndProject
Global
	GlobalSection(SolutionConfigurationPlatforms) = preSolution
		Debug|Any CPU = Debug|Any CPU
		Release|Any CPU = Release|Any CPU
	EndGlobalSection
	GlobalSection(ProjectConfigurationPlatforms) = postSolution
		{9926F3EB-3BE5-4A5F-AE72-F6B59F4B6155}.Debug|Any CPU.ActiveCfg = Debug|Any CPU
		{9926F3EB-3BE5-4A5F-AE72-F6B59F4B6155}.Debug|Any CPU.Build.0 = Debug|Any CPU
		{9926F3EB-3BE5-4A5F-AE72-F6B59F4B6155}.Release|Any CPU.ActiveCfg = Release|Any CPU
		{9926F3EB-3BE5-4A5F-AE72-F6B59F4B6155}.Release|Any CPU.Build.0 = Release|Any CPU
	EndGlobalSection
	GlobalSection(SolutionProperties) = preSolution
		HideSolutionNode = FALSE
	EndGlobalSection
	GlobalSection(ExtensibilityGlobals) = postSolution
		SolutionGuid = {BBA227DF-61A3-49D5-82DB-5C02EEE6975F}
	EndGlobalSection
EndGlobal
